
Microsoft Visual Studio Solution File, Format Version 12.00
# Visual Studio Version 17
VisualStudioVersion = 17.0.31903.59
MinimumVisualStudioVersion = 10.0.40219.1
Project("{2150E333-8FDC-42A3-9474-1A3956D46DE8}") = "src", "src", "{CAD03D36-92E4-4E37-AC46-59FFC2F25660}"
EndProject
Project("{9A19103F-16F7-4668-BE54-9A1E7A4F7556}") = "Coaster.API", "src\Coaster.API\Coaster.API.csproj", "{BCF4D217-445D-49F1-847D-7B0AA879175B}"
EndProject
Project("{9A19103F-16F7-4668-BE54-9A1E7A4F7556}") = "Coaster.Roslyn", "src\Coaster.Roslyn\Coaster.Roslyn.csproj", "{5788BA5C-0EFF-4D70-9B78-B1670638A6E7}"
EndProject
Project("{9A19103F-16F7-4668-BE54-9A1E7A4F7556}") = "Coaster.Tests", "src\Coaster.Tests\Coaster.Tests.csproj", "{CF25651D-4559-41CE-AF4C-AA6B3560CBC2}"
EndProject
Project("{9A19103F-16F7-4668-BE54-9A1E7A4F7556}") = "Coaster.Impl", "src\Coaster.Impl\Coaster.Impl.csproj", "{8D0232C3-1560-4021-86CD-25C3F524E619}"
EndProject
Project("{FAE04EC0-301F-11D3-BF4B-00C04F79EFBC}") = "Funny", "Funny\Funny.csproj", "{74D57353-4A11-4F61-B3E0-A463121C2500}"
EndProject
Global
	GlobalSection(SolutionConfigurationPlatforms) = preSolution
		Debug|Any CPU = Debug|Any CPU
		Release|Any CPU = Release|Any CPU
	EndGlobalSection
	GlobalSection(ProjectConfigurationPlatforms) = postSolution
		{BCF4D217-445D-49F1-847D-7B0AA879175B}.Debug|Any CPU.ActiveCfg = Debug|Any CPU
		{BCF4D217-445D-49F1-847D-7B0AA879175B}.Debug|Any CPU.Build.0 = Debug|Any CPU
		{BCF4D217-445D-49F1-847D-7B0AA879175B}.Release|Any CPU.ActiveCfg = Release|Any CPU
		{BCF4D217-445D-49F1-847D-7B0AA879175B}.Release|Any CPU.Build.0 = Release|Any CPU
		{5788BA5C-0EFF-4D70-9B78-B1670638A6E7}.Debug|Any CPU.ActiveCfg = Debug|Any CPU
		{5788BA5C-0EFF-4D70-9B78-B1670638A6E7}.Debug|Any CPU.Build.0 = Debug|Any CPU
		{5788BA5C-0EFF-4D70-9B78-B1670638A6E7}.Release|Any CPU.ActiveCfg = Release|Any CPU
		{5788BA5C-0EFF-4D70-9B78-B1670638A6E7}.Release|Any CPU.Build.0 = Release|Any CPU
		{CF25651D-4559-41CE-AF4C-AA6B3560CBC2}.Debug|Any CPU.ActiveCfg = Debug|Any CPU
		{CF25651D-4559-41CE-AF4C-AA6B3560CBC2}.Debug|Any CPU.Build.0 = Debug|Any CPU
		{CF25651D-4559-41CE-AF4C-AA6B3560CBC2}.Release|Any CPU.ActiveCfg = Release|Any CPU
		{CF25651D-4559-41CE-AF4C-AA6B3560CBC2}.Release|Any CPU.Build.0 = Release|Any CPU
		{8D0232C3-1560-4021-86CD-25C3F524E619}.Debug|Any CPU.ActiveCfg = Debug|Any CPU
		{8D0232C3-1560-4021-86CD-25C3F524E619}.Debug|Any CPU.Build.0 = Debug|Any CPU
		{8D0232C3-1560-4021-86CD-25C3F524E619}.Release|Any CPU.ActiveCfg = Release|Any CPU
		{8D0232C3-1560-4021-86CD-25C3F524E619}.Release|Any CPU.Build.0 = Release|Any CPU
		{74D57353-4A11-4F61-B3E0-A463121C2500}.Debug|Any CPU.ActiveCfg = Debug|Any CPU
		{74D57353-4A11-4F61-B3E0-A463121C2500}.Debug|Any CPU.Build.0 = Debug|Any CPU
		{74D57353-4A11-4F61-B3E0-A463121C2500}.Release|Any CPU.ActiveCfg = Release|Any CPU
		{74D57353-4A11-4F61-B3E0-A463121C2500}.Release|Any CPU.Build.0 = Release|Any CPU
	EndGlobalSection
	GlobalSection(SolutionProperties) = preSolution
		HideSolutionNode = FALSE
	EndGlobalSection
	GlobalSection(NestedProjects) = preSolution
		{BCF4D217-445D-49F1-847D-7B0AA879175B} = {CAD03D36-92E4-4E37-AC46-59FFC2F25660}
		{5788BA5C-0EFF-4D70-9B78-B1670638A6E7} = {CAD03D36-92E4-4E37-AC46-59FFC2F25660}
		{CF25651D-4559-41CE-AF4C-AA6B3560CBC2} = {CAD03D36-92E4-4E37-AC46-59FFC2F25660}
		{8D0232C3-1560-4021-86CD-25C3F524E619} = {CAD03D36-92E4-4E37-AC46-59FFC2F25660}
		{74D57353-4A11-4F61-B3E0-A463121C2500} = {CAD03D36-92E4-4E37-AC46-59FFC2F25660}
	EndGlobalSection
EndGlobal
