
Microsoft Visual Studio Solution File, Format Version 12.00
# Visual Studio Version 17
VisualStudioVersion = 17.0.31903.59
MinimumVisualStudioVersion = 10.0.40219.1
Project("{2150E333-8FDC-42A3-9474-1A3956D46DE8}") = "src", "src", "{CAD03D36-92E4-4E37-AC46-59FFC2F25660}"
EndProject
Project("{9A19103F-16F7-4668-BE54-9A1E7A4F7556}") = "Coaster.Tests", "Coaster.Tests\Coaster.Tests.csproj", "{CF25651D-4559-41CE-AF4C-AA6B3560CBC2}"
EndProject
Project("{9A19103F-16F7-4668-BE54-9A1E7A4F7556}") = "Funny", "Funny\Funny.csproj", "{74D57353-4A11-4F61-B3E0-A463121C2500}"
EndProject
Project("{9A19103F-16F7-4668-BE54-9A1E7A4F7556}") = "Coaster", "Coaster\Coaster.csproj", "{F1F8DF9A-8604-4FF9-A6BA-928CC85AD3AF}"
EndProject
Global
	GlobalSection(SolutionConfigurationPlatforms) = preSolution
		Debug|Any CPU = Debug|Any CPU
		Release|Any CPU = Release|Any CPU
	EndGlobalSection
	GlobalSection(ProjectConfigurationPlatforms) = postSolution
		{CF25651D-4559-41CE-AF4C-AA6B3560CBC2}.Debug|Any CPU.ActiveCfg = Debug|Any CPU
		{CF25651D-4559-41CE-AF4C-AA6B3560CBC2}.Debug|Any CPU.Build.0 = Debug|Any CPU
		{CF25651D-4559-41CE-AF4C-AA6B3560CBC2}.Release|Any CPU.ActiveCfg = Release|Any CPU
		{CF25651D-4559-41CE-AF4C-AA6B3560CBC2}.Release|Any CPU.Build.0 = Release|Any CPU
		{74D57353-4A11-4F61-B3E0-A463121C2500}.Debug|Any CPU.ActiveCfg = Debug|Any CPU
		{74D57353-4A11-4F61-B3E0-A463121C2500}.Debug|Any CPU.Build.0 = Debug|Any CPU
		{74D57353-4A11-4F61-B3E0-A463121C2500}.Release|Any CPU.ActiveCfg = Release|Any CPU
		{74D57353-4A11-4F61-B3E0-A463121C2500}.Release|Any CPU.Build.0 = Release|Any CPU
		{F1F8DF9A-8604-4FF9-A6BA-928CC85AD3AF}.Debug|Any CPU.ActiveCfg = Debug|Any CPU
		{F1F8DF9A-8604-4FF9-A6BA-928CC85AD3AF}.Debug|Any CPU.Build.0 = Debug|Any CPU
		{F1F8DF9A-8604-4FF9-A6BA-928CC85AD3AF}.Release|Any CPU.ActiveCfg = Release|Any CPU
		{F1F8DF9A-8604-4FF9-A6BA-928CC85AD3AF}.Release|Any CPU.Build.0 = Release|Any CPU
	EndGlobalSection
	GlobalSection(SolutionProperties) = preSolution
		HideSolutionNode = FALSE
	EndGlobalSection
	GlobalSection(NestedProjects) = preSolution
		{CF25651D-4559-41CE-AF4C-AA6B3560CBC2} = {CAD03D36-92E4-4E37-AC46-59FFC2F25660}
		{74D57353-4A11-4F61-B3E0-A463121C2500} = {CAD03D36-92E4-4E37-AC46-59FFC2F25660}
		{F1F8DF9A-8604-4FF9-A6BA-928CC85AD3AF} = {CAD03D36-92E4-4E37-AC46-59FFC2F25660}
	EndGlobalSection
	GlobalSection(ExtensibilityGlobals) = postSolution
		SolutionGuid = {95BA9685-4571-403B-8467-69243D761E2E}
	EndGlobalSection
EndGlobal
